
Microsoft Visual Studio Solution File, Format Version 12.00
# Visual Studio Version 17
VisualStudioVersion = 17.5.33627.172
MinimumVisualStudioVersion = 10.0.40219.1
Project("{FAE04EC0-301F-11D3-BF4B-00C04F79EFBC}") = "AkcjeMyszki", "AkcjeMyszki.csproj", "{1956499C-2EFF-476D-A7C6-949E186266A8}"
EndProject
Global
	GlobalSection(SolutionConfigurationPlatforms) = preSolution
		Debug|Any CPU = Debug|Any CPU
		Release|Any CPU = Release|Any CPU
	EndGlobalSection
	GlobalSection(ProjectConfigurationPlatforms) = postSolution
		{1956499C-2EFF-476D-A7C6-949E186266A8}.Debug|Any CPU.ActiveCfg = Debug|Any CPU
		{1956499C-2EFF-476D-A7C6-949E186266A8}.Debug|Any CPU.Build.0 = Debug|Any CPU
		{1956499C-2EFF-476D-A7C6-949E186266A8}.Release|Any CPU.ActiveCfg = Release|Any CPU
		{1956499C-2EFF-476D-A7C6-949E186266A8}.Release|Any CPU.Build.0 = Release|Any CPU
	EndGlobalSection
	GlobalSection(SolutionProperties) = preSolution
		HideSolutionNode = FALSE
	EndGlobalSection
	GlobalSection(ExtensibilityGlobals) = postSolution
		SolutionGuid = {C79459A5-6462-47F5-80C7-995C82844978}
	EndGlobalSection
EndGlobal
